
Microsoft Visual Studio Solution File, Format Version 12.00
# Visual Studio Version 17
VisualStudioVersion = 17.3.32811.315
MinimumVisualStudioVersion = 10.0.40219.1
Project("{FAE04EC0-301F-11D3-BF4B-00C04F79EFBC}") = "Logıstıc.UILayer", "Logıstıc.UILayer\Logıstıc.UILayer.csproj", "{AF0F72E0-F904-40F2-8953-8C03F86949EB}"
EndProject
Global
	GlobalSection(SolutionConfigurationPlatforms) = preSolution
		Debug|Any CPU = Debug|Any CPU
		Release|Any CPU = Release|Any CPU
	EndGlobalSection
	GlobalSection(ProjectConfigurationPlatforms) = postSolution
		{AF0F72E0-F904-40F2-8953-8C03F86949EB}.Debug|Any CPU.ActiveCfg = Debug|Any CPU
		{AF0F72E0-F904-40F2-8953-8C03F86949EB}.Debug|Any CPU.Build.0 = Debug|Any CPU
		{AF0F72E0-F904-40F2-8953-8C03F86949EB}.Release|Any CPU.ActiveCfg = Release|Any CPU
		{AF0F72E0-F904-40F2-8953-8C03F86949EB}.Release|Any CPU.Build.0 = Release|Any CPU
	EndGlobalSection
	GlobalSection(SolutionProperties) = preSolution
		HideSolutionNode = FALSE
	EndGlobalSection
	GlobalSection(ExtensibilityGlobals) = postSolution
		SolutionGuid = {EFD18FE7-A482-4DC6-87B0-67BBDA269F55}
	EndGlobalSection
EndGlobal
